
Microsoft Visual Studio Solution File, Format Version 11.00
# Visual Studio 2010
Project("{FAE04EC0-301F-11D3-BF4B-00C04F79EFBC}") = "Assembly-CSharp", "Assembly-CSharp.csproj", "{cdf3804c-2ec6-b88a-99b4-7a51f6edbd9d}"
EndProject
Project("{FAE04EC0-301F-11D3-BF4B-00C04F79EFBC}") = "Assembly-CSharp-Editor", "Assembly-CSharp-Editor.csproj", "{7a30a91a-a71f-bd35-0e6c-94d5a0817334}"
EndProject
Global
	GlobalSection(SolutionConfigurationPlatforms) = preSolution
		Debug|Any CPU = Debug|Any CPU
	EndGlobalSection
	GlobalSection(ProjectConfigurationPlatforms) = postSolution
		{cdf3804c-2ec6-b88a-99b4-7a51f6edbd9d}.Debug|Any CPU.ActiveCfg = Debug|Any CPU
		{cdf3804c-2ec6-b88a-99b4-7a51f6edbd9d}.Debug|Any CPU.Build.0 = Debug|Any CPU
		{7a30a91a-a71f-bd35-0e6c-94d5a0817334}.Debug|Any CPU.ActiveCfg = Debug|Any CPU
		{7a30a91a-a71f-bd35-0e6c-94d5a0817334}.Debug|Any CPU.Build.0 = Debug|Any CPU
	EndGlobalSection
	GlobalSection(SolutionProperties) = preSolution
		HideSolutionNode = FALSE
	EndGlobalSection
EndGlobal
